
Microsoft Visual Studio Solution File, Format Version 12.00
# Visual Studio Version 17
VisualStudioVersion = 17.3.32901.215
MinimumVisualStudioVersion = 10.0.40219.1
Project("{9A19103F-16F7-4668-BE54-9A1E7A4F7556}") = "Metflix.Host", "Metflix.Host\Metflix.Host.csproj", "{0F459B3A-8EBF-4DC8-B325-04454AA3E8F6}"
EndProject
Project("{9A19103F-16F7-4668-BE54-9A1E7A4F7556}") = "Metflix.Models", "Metflix.Models\Metflix.Models.csproj", "{8709EA1C-1F94-4AEF-AA8A-8BEE2C101102}"
EndProject
Project("{9A19103F-16F7-4668-BE54-9A1E7A4F7556}") = "Metflix.DL", "Metflix.DL\Metflix.DL.csproj", "{028029F6-384D-40C7-AA63-9C7C4780B6D9}"
EndProject
Project("{9A19103F-16F7-4668-BE54-9A1E7A4F7556}") = "Utils", "Utils\Utils.csproj", "{2A67A9F9-5F76-41F8-AE34-59B6514465A5}"
EndProject
Project("{9A19103F-16F7-4668-BE54-9A1E7A4F7556}") = "Metflix.BL", "Metflix.BL\Metflix.BL.csproj", "{7E7BAF8F-0012-4426-B0A7-C687EF29A28A}"
EndProject
Project("{FAE04EC0-301F-11D3-BF4B-00C04F79EFBC}") = "Metflix.Kafka", "Metflix.Kafka\Metflix.Kafka.csproj", "{4547F22C-46D7-43E5-9606-072D077EDF9C}"
EndProject
Global
	GlobalSection(SolutionConfigurationPlatforms) = preSolution
		Debug|Any CPU = Debug|Any CPU
		Release|Any CPU = Release|Any CPU
	EndGlobalSection
	GlobalSection(ProjectConfigurationPlatforms) = postSolution
		{0F459B3A-8EBF-4DC8-B325-04454AA3E8F6}.Debug|Any CPU.ActiveCfg = Debug|Any CPU
		{0F459B3A-8EBF-4DC8-B325-04454AA3E8F6}.Debug|Any CPU.Build.0 = Debug|Any CPU
		{0F459B3A-8EBF-4DC8-B325-04454AA3E8F6}.Release|Any CPU.ActiveCfg = Release|Any CPU
		{0F459B3A-8EBF-4DC8-B325-04454AA3E8F6}.Release|Any CPU.Build.0 = Release|Any CPU
		{8709EA1C-1F94-4AEF-AA8A-8BEE2C101102}.Debug|Any CPU.ActiveCfg = Debug|Any CPU
		{8709EA1C-1F94-4AEF-AA8A-8BEE2C101102}.Debug|Any CPU.Build.0 = Debug|Any CPU
		{8709EA1C-1F94-4AEF-AA8A-8BEE2C101102}.Release|Any CPU.ActiveCfg = Release|Any CPU
		{8709EA1C-1F94-4AEF-AA8A-8BEE2C101102}.Release|Any CPU.Build.0 = Release|Any CPU
		{028029F6-384D-40C7-AA63-9C7C4780B6D9}.Debug|Any CPU.ActiveCfg = Debug|Any CPU
		{028029F6-384D-40C7-AA63-9C7C4780B6D9}.Debug|Any CPU.Build.0 = Debug|Any CPU
		{028029F6-384D-40C7-AA63-9C7C4780B6D9}.Release|Any CPU.ActiveCfg = Release|Any CPU
		{028029F6-384D-40C7-AA63-9C7C4780B6D9}.Release|Any CPU.Build.0 = Release|Any CPU
		{2A67A9F9-5F76-41F8-AE34-59B6514465A5}.Debug|Any CPU.ActiveCfg = Debug|Any CPU
		{2A67A9F9-5F76-41F8-AE34-59B6514465A5}.Debug|Any CPU.Build.0 = Debug|Any CPU
		{2A67A9F9-5F76-41F8-AE34-59B6514465A5}.Release|Any CPU.ActiveCfg = Release|Any CPU
		{2A67A9F9-5F76-41F8-AE34-59B6514465A5}.Release|Any CPU.Build.0 = Release|Any CPU
		{7E7BAF8F-0012-4426-B0A7-C687EF29A28A}.Debug|Any CPU.ActiveCfg = Debug|Any CPU
		{7E7BAF8F-0012-4426-B0A7-C687EF29A28A}.Debug|Any CPU.Build.0 = Debug|Any CPU
		{7E7BAF8F-0012-4426-B0A7-C687EF29A28A}.Release|Any CPU.ActiveCfg = Release|Any CPU
		{7E7BAF8F-0012-4426-B0A7-C687EF29A28A}.Release|Any CPU.Build.0 = Release|Any CPU
		{4547F22C-46D7-43E5-9606-072D077EDF9C}.Debug|Any CPU.ActiveCfg = Debug|Any CPU
		{4547F22C-46D7-43E5-9606-072D077EDF9C}.Debug|Any CPU.Build.0 = Debug|Any CPU
		{4547F22C-46D7-43E5-9606-072D077EDF9C}.Release|Any CPU.ActiveCfg = Release|Any CPU
		{4547F22C-46D7-43E5-9606-072D077EDF9C}.Release|Any CPU.Build.0 = Release|Any CPU
	EndGlobalSection
	GlobalSection(SolutionProperties) = preSolution
		HideSolutionNode = FALSE
	EndGlobalSection
	GlobalSection(ExtensibilityGlobals) = postSolution
		SolutionGuid = {9579C4D8-4FED-4D93-A0B8-4526F53243DA}
	EndGlobalSection
EndGlobal
